
Microsoft Visual Studio Solution File, Format Version 12.00
# Visual Studio Version 17
VisualStudioVersion = 17.0.31611.283
MinimumVisualStudioVersion = 10.0.40219.1
Project("{9A19103F-16F7-4668-BE54-9A1E7A4F7556}") = "chldr_blazor", "chldr_server\chldr_blazor.csproj", "{474D95BD-8F8D-4F13-A1F0-ABBF46D92942}"
EndProject
Project("{9A19103F-16F7-4668-BE54-9A1E7A4F7556}") = "chldr_native", "chldr_native\chldr_native.csproj", "{CDEA7896-CD62-4780-9CB3-633EAE312BA0}"
EndProject
Project("{9A19103F-16F7-4668-BE54-9A1E7A4F7556}") = "chldr_data", "chldr_data\chldr_data.csproj", "{1515642D-BB1C-4CAC-A10C-99C43045BD90}"
EndProject
Project("{9A19103F-16F7-4668-BE54-9A1E7A4F7556}") = "chldr_data.tests", "chldr_data.tests\chldr_data.tests.csproj", "{D11A2287-2698-4AF2-B1A0-D0D448229609}"
EndProject
Project("{9A19103F-16F7-4668-BE54-9A1E7A4F7556}") = "chldr_ui", "chldr_ui\chldr_ui.csproj", "{8045C017-436A-4E11-8919-922813872CCD}"
EndProject
Project("{9A19103F-16F7-4668-BE54-9A1E7A4F7556}") = "chldr_shared", "chldr_shared\chldr_shared.csproj", "{39246191-32CC-4930-A327-6EB79FFC7DF3}"
EndProject
Project("{9A19103F-16F7-4668-BE54-9A1E7A4F7556}") = "chldr_utils", "chldr_utils\chldr_utils.csproj", "{3D211563-743F-41D0-BDB5-49BAD670BB6B}"
EndProject
Project("{2150E333-8FDC-42A3-9474-1A3956D46DE8}") = "Solution Items", "Solution Items", "{B8E27A14-49EB-49DC-8B77-EA52A38CDE7C}"
	ProjectSection(SolutionItems) = preProject
		.editorconfig = .editorconfig
		ProjectNotes.txt = ProjectNotes.txt
		ToDo.txt = ToDo.txt
	EndProjectSection
EndProject
Project("{9A19103F-16F7-4668-BE54-9A1E7A4F7556}") = "chldr_maintenance", "chldr_tools\chldr_maintenance.csproj", "{42DAB62C-43FE-4164-BC15-0460A0D73288}"
EndProject
Project("{9A19103F-16F7-4668-BE54-9A1E7A4F7556}") = "chldr_api", "chldr_api\chldr_api.csproj", "{97E541F2-AB38-4EC8-8A84-F158B25B8CA6}"
EndProject
Project("{9A19103F-16F7-4668-BE54-9A1E7A4F7556}") = "chldr_api.tests", "chldr_api.tests\chldr_api.tests.csproj", "{F640B8A1-7948-410F-81F8-26CDFB024C22}"
EndProject
Project("{9A19103F-16F7-4668-BE54-9A1E7A4F7556}") = "chldr_data.local", "chldr_data.local\chldr_data.local.csproj", "{A2FE3DD5-5EA7-4177-8B3F-AC3628532AAB}"
EndProject
Project("{FAE04EC0-301F-11D3-BF4B-00C04F79EFBC}") = "chldr_data.remote", "chldr_data.remote\chldr_data.remote.csproj", "{638C4E47-BF72-4281-9602-7521C37E885C}"
EndProject
Global
	GlobalSection(SolutionConfigurationPlatforms) = preSolution
		Debug|Any CPU = Debug|Any CPU
		Release|Any CPU = Release|Any CPU
	EndGlobalSection
	GlobalSection(ProjectConfigurationPlatforms) = postSolution
		{474D95BD-8F8D-4F13-A1F0-ABBF46D92942}.Debug|Any CPU.ActiveCfg = Debug|Any CPU
		{474D95BD-8F8D-4F13-A1F0-ABBF46D92942}.Debug|Any CPU.Build.0 = Debug|Any CPU
		{474D95BD-8F8D-4F13-A1F0-ABBF46D92942}.Release|Any CPU.ActiveCfg = Release|Any CPU
		{474D95BD-8F8D-4F13-A1F0-ABBF46D92942}.Release|Any CPU.Build.0 = Release|Any CPU
		{CDEA7896-CD62-4780-9CB3-633EAE312BA0}.Debug|Any CPU.ActiveCfg = Debug|Any CPU
		{CDEA7896-CD62-4780-9CB3-633EAE312BA0}.Debug|Any CPU.Build.0 = Debug|Any CPU
		{CDEA7896-CD62-4780-9CB3-633EAE312BA0}.Debug|Any CPU.Deploy.0 = Debug|Any CPU
		{CDEA7896-CD62-4780-9CB3-633EAE312BA0}.Release|Any CPU.ActiveCfg = Release|Any CPU
		{CDEA7896-CD62-4780-9CB3-633EAE312BA0}.Release|Any CPU.Build.0 = Release|Any CPU
		{CDEA7896-CD62-4780-9CB3-633EAE312BA0}.Release|Any CPU.Deploy.0 = Release|Any CPU
		{1515642D-BB1C-4CAC-A10C-99C43045BD90}.Debug|Any CPU.ActiveCfg = Debug|Any CPU
		{1515642D-BB1C-4CAC-A10C-99C43045BD90}.Debug|Any CPU.Build.0 = Debug|Any CPU
		{1515642D-BB1C-4CAC-A10C-99C43045BD90}.Release|Any CPU.ActiveCfg = Release|Any CPU
		{1515642D-BB1C-4CAC-A10C-99C43045BD90}.Release|Any CPU.Build.0 = Release|Any CPU
		{D11A2287-2698-4AF2-B1A0-D0D448229609}.Debug|Any CPU.ActiveCfg = Debug|Any CPU
		{D11A2287-2698-4AF2-B1A0-D0D448229609}.Debug|Any CPU.Build.0 = Debug|Any CPU
		{D11A2287-2698-4AF2-B1A0-D0D448229609}.Release|Any CPU.ActiveCfg = Release|Any CPU
		{D11A2287-2698-4AF2-B1A0-D0D448229609}.Release|Any CPU.Build.0 = Release|Any CPU
		{8045C017-436A-4E11-8919-922813872CCD}.Debug|Any CPU.ActiveCfg = Debug|Any CPU
		{8045C017-436A-4E11-8919-922813872CCD}.Debug|Any CPU.Build.0 = Debug|Any CPU
		{8045C017-436A-4E11-8919-922813872CCD}.Release|Any CPU.ActiveCfg = Release|Any CPU
		{8045C017-436A-4E11-8919-922813872CCD}.Release|Any CPU.Build.0 = Release|Any CPU
		{39246191-32CC-4930-A327-6EB79FFC7DF3}.Debug|Any CPU.ActiveCfg = Debug|Any CPU
		{39246191-32CC-4930-A327-6EB79FFC7DF3}.Debug|Any CPU.Build.0 = Debug|Any CPU
		{39246191-32CC-4930-A327-6EB79FFC7DF3}.Release|Any CPU.ActiveCfg = Release|Any CPU
		{39246191-32CC-4930-A327-6EB79FFC7DF3}.Release|Any CPU.Build.0 = Release|Any CPU
		{3D211563-743F-41D0-BDB5-49BAD670BB6B}.Debug|Any CPU.ActiveCfg = Debug|Any CPU
		{3D211563-743F-41D0-BDB5-49BAD670BB6B}.Debug|Any CPU.Build.0 = Debug|Any CPU
		{3D211563-743F-41D0-BDB5-49BAD670BB6B}.Release|Any CPU.ActiveCfg = Release|Any CPU
		{3D211563-743F-41D0-BDB5-49BAD670BB6B}.Release|Any CPU.Build.0 = Release|Any CPU
		{42DAB62C-43FE-4164-BC15-0460A0D73288}.Debug|Any CPU.ActiveCfg = Debug|Any CPU
		{42DAB62C-43FE-4164-BC15-0460A0D73288}.Debug|Any CPU.Build.0 = Debug|Any CPU
		{42DAB62C-43FE-4164-BC15-0460A0D73288}.Release|Any CPU.ActiveCfg = Release|Any CPU
		{42DAB62C-43FE-4164-BC15-0460A0D73288}.Release|Any CPU.Build.0 = Release|Any CPU
		{97E541F2-AB38-4EC8-8A84-F158B25B8CA6}.Debug|Any CPU.ActiveCfg = Debug|Any CPU
		{97E541F2-AB38-4EC8-8A84-F158B25B8CA6}.Debug|Any CPU.Build.0 = Debug|Any CPU
		{97E541F2-AB38-4EC8-8A84-F158B25B8CA6}.Release|Any CPU.ActiveCfg = Release|Any CPU
		{97E541F2-AB38-4EC8-8A84-F158B25B8CA6}.Release|Any CPU.Build.0 = Release|Any CPU
		{F640B8A1-7948-410F-81F8-26CDFB024C22}.Debug|Any CPU.ActiveCfg = Debug|Any CPU
		{F640B8A1-7948-410F-81F8-26CDFB024C22}.Debug|Any CPU.Build.0 = Debug|Any CPU
		{F640B8A1-7948-410F-81F8-26CDFB024C22}.Release|Any CPU.ActiveCfg = Release|Any CPU
		{F640B8A1-7948-410F-81F8-26CDFB024C22}.Release|Any CPU.Build.0 = Release|Any CPU
		{A2FE3DD5-5EA7-4177-8B3F-AC3628532AAB}.Debug|Any CPU.ActiveCfg = Debug|Any CPU
		{A2FE3DD5-5EA7-4177-8B3F-AC3628532AAB}.Debug|Any CPU.Build.0 = Debug|Any CPU
		{A2FE3DD5-5EA7-4177-8B3F-AC3628532AAB}.Release|Any CPU.ActiveCfg = Release|Any CPU
		{A2FE3DD5-5EA7-4177-8B3F-AC3628532AAB}.Release|Any CPU.Build.0 = Release|Any CPU
		{638C4E47-BF72-4281-9602-7521C37E885C}.Debug|Any CPU.ActiveCfg = Debug|Any CPU
		{638C4E47-BF72-4281-9602-7521C37E885C}.Debug|Any CPU.Build.0 = Debug|Any CPU
		{638C4E47-BF72-4281-9602-7521C37E885C}.Release|Any CPU.ActiveCfg = Release|Any CPU
		{638C4E47-BF72-4281-9602-7521C37E885C}.Release|Any CPU.Build.0 = Release|Any CPU
	EndGlobalSection
	GlobalSection(SolutionProperties) = preSolution
		HideSolutionNode = FALSE
	EndGlobalSection
	GlobalSection(ExtensibilityGlobals) = postSolution
		SolutionGuid = {61F7FB11-1E47-470C-91E2-47F8143E1572}
	EndGlobalSection
EndGlobal
