
Microsoft Visual Studio Solution File, Format Version 12.00
# Visual Studio Version 17
VisualStudioVersion = 17.0.31611.283
MinimumVisualStudioVersion = 10.0.40219.1
Project("{9A19103F-16F7-4668-BE54-9A1E7A4F7556}") = "chldr_data", "Data\chldr_data.csproj", "{A78B94DD-4A48-458D-886B-22BD68D0B5EF}"
EndProject
Project("{9A19103F-16F7-4668-BE54-9A1E7A4F7556}") = "chldr_native", "chldr-blazor\chldr_native.csproj", "{C96293B0-2B47-4163-9B10-D39CB7235D48}"
EndProject
Project("{9A19103F-16F7-4668-BE54-9A1E7A4F7556}") = "chldr_api", "chldr-api\chldr_api.csproj", "{FB608F40-D1D6-4365-B266-8EEA026D6A2C}"
EndProject
Project("{FAE04EC0-301F-11D3-BF4B-00C04F79EFBC}") = "chldr_shared", "chldr_shared\chldr_shared.csproj", "{E810EF68-2D65-4FD5-B1A7-A637B96F67E3}"
EndProject
Project("{FAE04EC0-301F-11D3-BF4B-00C04F79EFBC}") = "chldr_web", "chldr_web\chldr_web.csproj", "{C150998A-9BEF-4DF1-9D06-DD13391D20F2}"
EndProject
Global
	GlobalSection(SolutionConfigurationPlatforms) = preSolution
		Debug|Any CPU = Debug|Any CPU
		Release|Any CPU = Release|Any CPU
	EndGlobalSection
	GlobalSection(ProjectConfigurationPlatforms) = postSolution
		{A78B94DD-4A48-458D-886B-22BD68D0B5EF}.Debug|Any CPU.ActiveCfg = Debug|Any CPU
		{A78B94DD-4A48-458D-886B-22BD68D0B5EF}.Debug|Any CPU.Build.0 = Debug|Any CPU
		{A78B94DD-4A48-458D-886B-22BD68D0B5EF}.Release|Any CPU.ActiveCfg = Release|Any CPU
		{A78B94DD-4A48-458D-886B-22BD68D0B5EF}.Release|Any CPU.Build.0 = Release|Any CPU
		{C96293B0-2B47-4163-9B10-D39CB7235D48}.Debug|Any CPU.ActiveCfg = Debug|Any CPU
		{C96293B0-2B47-4163-9B10-D39CB7235D48}.Debug|Any CPU.Build.0 = Debug|Any CPU
		{C96293B0-2B47-4163-9B10-D39CB7235D48}.Debug|Any CPU.Deploy.0 = Debug|Any CPU
		{C96293B0-2B47-4163-9B10-D39CB7235D48}.Release|Any CPU.ActiveCfg = Release|Any CPU
		{C96293B0-2B47-4163-9B10-D39CB7235D48}.Release|Any CPU.Build.0 = Release|Any CPU
		{C96293B0-2B47-4163-9B10-D39CB7235D48}.Release|Any CPU.Deploy.0 = Release|Any CPU
		{FB608F40-D1D6-4365-B266-8EEA026D6A2C}.Debug|Any CPU.ActiveCfg = Debug|Any CPU
		{FB608F40-D1D6-4365-B266-8EEA026D6A2C}.Debug|Any CPU.Build.0 = Debug|Any CPU
		{FB608F40-D1D6-4365-B266-8EEA026D6A2C}.Release|Any CPU.ActiveCfg = Release|Any CPU
		{FB608F40-D1D6-4365-B266-8EEA026D6A2C}.Release|Any CPU.Build.0 = Release|Any CPU
		{E810EF68-2D65-4FD5-B1A7-A637B96F67E3}.Debug|Any CPU.ActiveCfg = Debug|Any CPU
		{E810EF68-2D65-4FD5-B1A7-A637B96F67E3}.Debug|Any CPU.Build.0 = Debug|Any CPU
		{E810EF68-2D65-4FD5-B1A7-A637B96F67E3}.Release|Any CPU.ActiveCfg = Release|Any CPU
		{E810EF68-2D65-4FD5-B1A7-A637B96F67E3}.Release|Any CPU.Build.0 = Release|Any CPU
		{C150998A-9BEF-4DF1-9D06-DD13391D20F2}.Debug|Any CPU.ActiveCfg = Debug|Any CPU
		{C150998A-9BEF-4DF1-9D06-DD13391D20F2}.Debug|Any CPU.Build.0 = Debug|Any CPU
		{C150998A-9BEF-4DF1-9D06-DD13391D20F2}.Release|Any CPU.ActiveCfg = Release|Any CPU
		{C150998A-9BEF-4DF1-9D06-DD13391D20F2}.Release|Any CPU.Build.0 = Release|Any CPU
	EndGlobalSection
	GlobalSection(SolutionProperties) = preSolution
		HideSolutionNode = FALSE
	EndGlobalSection
	GlobalSection(ExtensibilityGlobals) = postSolution
		SolutionGuid = {61F7FB11-1E47-470C-91E2-47F8143E1572}
	EndGlobalSection
EndGlobal
