
Microsoft Visual Studio Solution File, Format Version 12.00
# Visual Studio Version 17
VisualStudioVersion = 17.0.31611.283
MinimumVisualStudioVersion = 10.0.40219.1
Project("{9A19103F-16F7-4668-BE54-9A1E7A4F7556}") = "chldr_shared", "chldr_shared\chldr_shared.csproj", "{E810EF68-2D65-4FD5-B1A7-A637B96F67E3}"
EndProject
Project("{9A19103F-16F7-4668-BE54-9A1E7A4F7556}") = "chldr_server", "chldr_server\chldr_server.csproj", "{474D95BD-8F8D-4F13-A1F0-ABBF46D92942}"
EndProject
Project("{9A19103F-16F7-4668-BE54-9A1E7A4F7556}") = "chldr_native", "chldr_native\chldr_native.csproj", "{CDEA7896-CD62-4780-9CB3-633EAE312BA0}"
EndProject
Project("{9A19103F-16F7-4668-BE54-9A1E7A4F7556}") = "chldr_data", "chldr_data\chldr_data.csproj", "{1515642D-BB1C-4CAC-A10C-99C43045BD90}"
EndProject
Global
	GlobalSection(SolutionConfigurationPlatforms) = preSolution
		Debug|Any CPU = Debug|Any CPU
		Release|Any CPU = Release|Any CPU
	EndGlobalSection
	GlobalSection(ProjectConfigurationPlatforms) = postSolution
		{E810EF68-2D65-4FD5-B1A7-A637B96F67E3}.Debug|Any CPU.ActiveCfg = Debug|Any CPU
		{E810EF68-2D65-4FD5-B1A7-A637B96F67E3}.Debug|Any CPU.Build.0 = Debug|Any CPU
		{E810EF68-2D65-4FD5-B1A7-A637B96F67E3}.Release|Any CPU.ActiveCfg = Release|Any CPU
		{E810EF68-2D65-4FD5-B1A7-A637B96F67E3}.Release|Any CPU.Build.0 = Release|Any CPU
		{474D95BD-8F8D-4F13-A1F0-ABBF46D92942}.Debug|Any CPU.ActiveCfg = Debug|Any CPU
		{474D95BD-8F8D-4F13-A1F0-ABBF46D92942}.Debug|Any CPU.Build.0 = Debug|Any CPU
		{474D95BD-8F8D-4F13-A1F0-ABBF46D92942}.Release|Any CPU.ActiveCfg = Release|Any CPU
		{474D95BD-8F8D-4F13-A1F0-ABBF46D92942}.Release|Any CPU.Build.0 = Release|Any CPU
		{CDEA7896-CD62-4780-9CB3-633EAE312BA0}.Debug|Any CPU.ActiveCfg = Debug|Any CPU
		{CDEA7896-CD62-4780-9CB3-633EAE312BA0}.Debug|Any CPU.Build.0 = Debug|Any CPU
		{CDEA7896-CD62-4780-9CB3-633EAE312BA0}.Debug|Any CPU.Deploy.0 = Debug|Any CPU
		{CDEA7896-CD62-4780-9CB3-633EAE312BA0}.Release|Any CPU.ActiveCfg = Release|Any CPU
		{CDEA7896-CD62-4780-9CB3-633EAE312BA0}.Release|Any CPU.Build.0 = Release|Any CPU
		{CDEA7896-CD62-4780-9CB3-633EAE312BA0}.Release|Any CPU.Deploy.0 = Release|Any CPU
		{1515642D-BB1C-4CAC-A10C-99C43045BD90}.Debug|Any CPU.ActiveCfg = Debug|Any CPU
		{1515642D-BB1C-4CAC-A10C-99C43045BD90}.Debug|Any CPU.Build.0 = Debug|Any CPU
		{1515642D-BB1C-4CAC-A10C-99C43045BD90}.Release|Any CPU.ActiveCfg = Release|Any CPU
		{1515642D-BB1C-4CAC-A10C-99C43045BD90}.Release|Any CPU.Build.0 = Release|Any CPU
	EndGlobalSection
	GlobalSection(SolutionProperties) = preSolution
		HideSolutionNode = FALSE
	EndGlobalSection
	GlobalSection(ExtensibilityGlobals) = postSolution
		SolutionGuid = {61F7FB11-1E47-470C-91E2-47F8143E1572}
	EndGlobalSection
EndGlobal
