
Microsoft Visual Studio Solution File, Format Version 12.00
# Visual Studio Version 17
VisualStudioVersion = 17.0.31611.283
MinimumVisualStudioVersion = 10.0.40219.1
Project("{2150E333-8FDC-42A3-9474-1A3956D46DE8}") = "Tests", "Tests", "{4271EA2A-1F03-4B6C-9806-93E209F8567C}"
EndProject
Project("{2150E333-8FDC-42A3-9474-1A3956D46DE8}") = "Presentation", "Presentation", "{B245A51B-A1DD-4F26-B36E-FF6943A8170A}"
EndProject
Project("{2150E333-8FDC-42A3-9474-1A3956D46DE8}") = "Api", "Api", "{725BC9D2-E135-4C74-BA38-DA38F41087F3}"
EndProject
Project("{2150E333-8FDC-42A3-9474-1A3956D46DE8}") = "Apps", "Apps", "{65C1BB17-CEDD-4044-997B-C9C51887F960}"
EndProject
Project("{9A19103F-16F7-4668-BE54-9A1E7A4F7556}") = "core", "core\core.csproj", "{907E6D1D-D628-4CBC-9A81-2D078C8FE52F}"
EndProject
Project("{9A19103F-16F7-4668-BE54-9A1E7A4F7556}") = "utils", "utils\utils.csproj", "{CE607A04-8144-403E-8EFF-9DAE894AA27D}"
EndProject
Project("{9A19103F-16F7-4668-BE54-9A1E7A4F7556}") = "parsers", "tools\parsers.csproj", "{16839C22-65B3-44BA-BA6D-C6EEBA28CCA7}"
EndProject
Project("{2150E333-8FDC-42A3-9474-1A3956D46DE8}") = "Common", "Common", "{0834D52D-4C4F-487E-9D27-4A755BD1FDD2}"
EndProject
Project("{9A19103F-16F7-4668-BE54-9A1E7A4F7556}") = "api.tests", "tests\api.tests\api.tests.csproj", "{5D2BD43E-39D3-41C4-8ABE-4972C46B5967}"
EndProject
Project("{9A19103F-16F7-4668-BE54-9A1E7A4F7556}") = "app.tests", "tests\shared.tests\app.tests.csproj", "{5C81E476-2B85-4CDB-A735-24013CBD4568}"
EndProject
Project("{9A19103F-16F7-4668-BE54-9A1E7A4F7556}") = "testing_framework", "tests\testing_framework\testing_framework.csproj", "{FFF4C25B-1AFE-4D53-A5FA-0BF299D5C20C}"
EndProject
Project("{9A19103F-16F7-4668-BE54-9A1E7A4F7556}") = "miscellaneous.tests", "tests\utils.tests\miscellaneous.tests.csproj", "{3492EF1B-7372-4A03-9C83-CD752F7956AB}"
EndProject
Project("{9A19103F-16F7-4668-BE54-9A1E7A4F7556}") = "api_application", "server\api_application\api_application.csproj", "{032961B7-BBC7-45AA-8CB1-D30BD0E54A01}"
EndProject
Project("{9A19103F-16F7-4668-BE54-9A1E7A4F7556}") = "api_domain", "server\api_domain\api_domain.csproj", "{85B48266-A266-4C32-AF2A-B9D8CEC9092E}"
EndProject
Project("{9A19103F-16F7-4668-BE54-9A1E7A4F7556}") = "api_server", "server\api_server\api_server.csproj", "{7B9BF312-AA65-4753-81D0-D4D532020C42}"
EndProject
Project("{9A19103F-16F7-4668-BE54-9A1E7A4F7556}") = "chldr_domain", "client\chldr_domain\chldr_domain.csproj", "{CC7FC0EF-367B-41AC-9912-9AC06148B178}"
EndProject
Project("{9A19103F-16F7-4668-BE54-9A1E7A4F7556}") = "chldr_application", "client\chldr_application\chldr_application.csproj", "{1D12914C-D75A-44AB-8508-897071B4E8A5}"
EndProject
Project("{9A19103F-16F7-4668-BE54-9A1E7A4F7556}") = "chldr_android", "client\chldr_android\chldr_android.csproj", "{AF9A9AF3-9594-446A-8320-5EFB5647FA97}"
EndProject
Project("{9A19103F-16F7-4668-BE54-9A1E7A4F7556}") = "chldr_maui", "client\chldr_maui\chldr_maui.csproj", "{8FF24A33-6387-4C05-BA73-31FA5A1CDF39}"
EndProject
Project("{FAE04EC0-301F-11D3-BF4B-00C04F79EFBC}") = "api_tools", "api_tools\api_tools.csproj", "{017233BC-47D0-4CE8-AB01-FFB85A269465}"
EndProject
Global
	GlobalSection(SolutionConfigurationPlatforms) = preSolution
		Debug|Any CPU = Debug|Any CPU
		Release|Any CPU = Release|Any CPU
	EndGlobalSection
	GlobalSection(ProjectConfigurationPlatforms) = postSolution
		{907E6D1D-D628-4CBC-9A81-2D078C8FE52F}.Debug|Any CPU.ActiveCfg = Debug|Any CPU
		{907E6D1D-D628-4CBC-9A81-2D078C8FE52F}.Debug|Any CPU.Build.0 = Debug|Any CPU
		{907E6D1D-D628-4CBC-9A81-2D078C8FE52F}.Release|Any CPU.ActiveCfg = Release|Any CPU
		{907E6D1D-D628-4CBC-9A81-2D078C8FE52F}.Release|Any CPU.Build.0 = Release|Any CPU
		{CE607A04-8144-403E-8EFF-9DAE894AA27D}.Debug|Any CPU.ActiveCfg = Debug|Any CPU
		{CE607A04-8144-403E-8EFF-9DAE894AA27D}.Debug|Any CPU.Build.0 = Debug|Any CPU
		{CE607A04-8144-403E-8EFF-9DAE894AA27D}.Release|Any CPU.ActiveCfg = Release|Any CPU
		{CE607A04-8144-403E-8EFF-9DAE894AA27D}.Release|Any CPU.Build.0 = Release|Any CPU
		{16839C22-65B3-44BA-BA6D-C6EEBA28CCA7}.Debug|Any CPU.ActiveCfg = Debug|Any CPU
		{16839C22-65B3-44BA-BA6D-C6EEBA28CCA7}.Debug|Any CPU.Build.0 = Debug|Any CPU
		{16839C22-65B3-44BA-BA6D-C6EEBA28CCA7}.Release|Any CPU.ActiveCfg = Release|Any CPU
		{16839C22-65B3-44BA-BA6D-C6EEBA28CCA7}.Release|Any CPU.Build.0 = Release|Any CPU
		{5D2BD43E-39D3-41C4-8ABE-4972C46B5967}.Debug|Any CPU.ActiveCfg = Debug|Any CPU
		{5D2BD43E-39D3-41C4-8ABE-4972C46B5967}.Debug|Any CPU.Build.0 = Debug|Any CPU
		{5D2BD43E-39D3-41C4-8ABE-4972C46B5967}.Release|Any CPU.ActiveCfg = Release|Any CPU
		{5D2BD43E-39D3-41C4-8ABE-4972C46B5967}.Release|Any CPU.Build.0 = Release|Any CPU
		{5C81E476-2B85-4CDB-A735-24013CBD4568}.Debug|Any CPU.ActiveCfg = Debug|Any CPU
		{5C81E476-2B85-4CDB-A735-24013CBD4568}.Debug|Any CPU.Build.0 = Debug|Any CPU
		{5C81E476-2B85-4CDB-A735-24013CBD4568}.Release|Any CPU.ActiveCfg = Release|Any CPU
		{5C81E476-2B85-4CDB-A735-24013CBD4568}.Release|Any CPU.Build.0 = Release|Any CPU
		{FFF4C25B-1AFE-4D53-A5FA-0BF299D5C20C}.Debug|Any CPU.ActiveCfg = Debug|Any CPU
		{FFF4C25B-1AFE-4D53-A5FA-0BF299D5C20C}.Debug|Any CPU.Build.0 = Debug|Any CPU
		{FFF4C25B-1AFE-4D53-A5FA-0BF299D5C20C}.Release|Any CPU.ActiveCfg = Release|Any CPU
		{FFF4C25B-1AFE-4D53-A5FA-0BF299D5C20C}.Release|Any CPU.Build.0 = Release|Any CPU
		{3492EF1B-7372-4A03-9C83-CD752F7956AB}.Debug|Any CPU.ActiveCfg = Debug|Any CPU
		{3492EF1B-7372-4A03-9C83-CD752F7956AB}.Debug|Any CPU.Build.0 = Debug|Any CPU
		{3492EF1B-7372-4A03-9C83-CD752F7956AB}.Release|Any CPU.ActiveCfg = Release|Any CPU
		{3492EF1B-7372-4A03-9C83-CD752F7956AB}.Release|Any CPU.Build.0 = Release|Any CPU
		{032961B7-BBC7-45AA-8CB1-D30BD0E54A01}.Debug|Any CPU.ActiveCfg = Debug|Any CPU
		{032961B7-BBC7-45AA-8CB1-D30BD0E54A01}.Debug|Any CPU.Build.0 = Debug|Any CPU
		{032961B7-BBC7-45AA-8CB1-D30BD0E54A01}.Release|Any CPU.ActiveCfg = Release|Any CPU
		{032961B7-BBC7-45AA-8CB1-D30BD0E54A01}.Release|Any CPU.Build.0 = Release|Any CPU
		{85B48266-A266-4C32-AF2A-B9D8CEC9092E}.Debug|Any CPU.ActiveCfg = Debug|Any CPU
		{85B48266-A266-4C32-AF2A-B9D8CEC9092E}.Debug|Any CPU.Build.0 = Debug|Any CPU
		{85B48266-A266-4C32-AF2A-B9D8CEC9092E}.Release|Any CPU.ActiveCfg = Release|Any CPU
		{85B48266-A266-4C32-AF2A-B9D8CEC9092E}.Release|Any CPU.Build.0 = Release|Any CPU
		{7B9BF312-AA65-4753-81D0-D4D532020C42}.Debug|Any CPU.ActiveCfg = Debug|Any CPU
		{7B9BF312-AA65-4753-81D0-D4D532020C42}.Debug|Any CPU.Build.0 = Debug|Any CPU
		{7B9BF312-AA65-4753-81D0-D4D532020C42}.Release|Any CPU.ActiveCfg = Release|Any CPU
		{7B9BF312-AA65-4753-81D0-D4D532020C42}.Release|Any CPU.Build.0 = Release|Any CPU
		{CC7FC0EF-367B-41AC-9912-9AC06148B178}.Debug|Any CPU.ActiveCfg = Debug|Any CPU
		{CC7FC0EF-367B-41AC-9912-9AC06148B178}.Debug|Any CPU.Build.0 = Debug|Any CPU
		{CC7FC0EF-367B-41AC-9912-9AC06148B178}.Release|Any CPU.ActiveCfg = Release|Any CPU
		{CC7FC0EF-367B-41AC-9912-9AC06148B178}.Release|Any CPU.Build.0 = Release|Any CPU
		{1D12914C-D75A-44AB-8508-897071B4E8A5}.Debug|Any CPU.ActiveCfg = Debug|Any CPU
		{1D12914C-D75A-44AB-8508-897071B4E8A5}.Debug|Any CPU.Build.0 = Debug|Any CPU
		{1D12914C-D75A-44AB-8508-897071B4E8A5}.Release|Any CPU.ActiveCfg = Release|Any CPU
		{1D12914C-D75A-44AB-8508-897071B4E8A5}.Release|Any CPU.Build.0 = Release|Any CPU
		{AF9A9AF3-9594-446A-8320-5EFB5647FA97}.Debug|Any CPU.ActiveCfg = Debug|Any CPU
		{AF9A9AF3-9594-446A-8320-5EFB5647FA97}.Debug|Any CPU.Build.0 = Debug|Any CPU
		{AF9A9AF3-9594-446A-8320-5EFB5647FA97}.Debug|Any CPU.Deploy.0 = Debug|Any CPU
		{AF9A9AF3-9594-446A-8320-5EFB5647FA97}.Release|Any CPU.ActiveCfg = Release|Any CPU
		{AF9A9AF3-9594-446A-8320-5EFB5647FA97}.Release|Any CPU.Build.0 = Release|Any CPU
		{AF9A9AF3-9594-446A-8320-5EFB5647FA97}.Release|Any CPU.Deploy.0 = Release|Any CPU
		{8FF24A33-6387-4C05-BA73-31FA5A1CDF39}.Debug|Any CPU.ActiveCfg = Debug|Any CPU
		{8FF24A33-6387-4C05-BA73-31FA5A1CDF39}.Debug|Any CPU.Build.0 = Debug|Any CPU
		{8FF24A33-6387-4C05-BA73-31FA5A1CDF39}.Debug|Any CPU.Deploy.0 = Debug|Any CPU
		{8FF24A33-6387-4C05-BA73-31FA5A1CDF39}.Release|Any CPU.ActiveCfg = Release|Any CPU
		{8FF24A33-6387-4C05-BA73-31FA5A1CDF39}.Release|Any CPU.Build.0 = Release|Any CPU
		{8FF24A33-6387-4C05-BA73-31FA5A1CDF39}.Release|Any CPU.Deploy.0 = Release|Any CPU
		{017233BC-47D0-4CE8-AB01-FFB85A269465}.Debug|Any CPU.ActiveCfg = Debug|Any CPU
		{017233BC-47D0-4CE8-AB01-FFB85A269465}.Debug|Any CPU.Build.0 = Debug|Any CPU
		{017233BC-47D0-4CE8-AB01-FFB85A269465}.Release|Any CPU.ActiveCfg = Release|Any CPU
		{017233BC-47D0-4CE8-AB01-FFB85A269465}.Release|Any CPU.Build.0 = Release|Any CPU
	EndGlobalSection
	GlobalSection(SolutionProperties) = preSolution
		HideSolutionNode = FALSE
	EndGlobalSection
	GlobalSection(NestedProjects) = preSolution
		{B245A51B-A1DD-4F26-B36E-FF6943A8170A} = {65C1BB17-CEDD-4044-997B-C9C51887F960}
		{907E6D1D-D628-4CBC-9A81-2D078C8FE52F} = {0834D52D-4C4F-487E-9D27-4A755BD1FDD2}
		{CE607A04-8144-403E-8EFF-9DAE894AA27D} = {0834D52D-4C4F-487E-9D27-4A755BD1FDD2}
		{16839C22-65B3-44BA-BA6D-C6EEBA28CCA7} = {0834D52D-4C4F-487E-9D27-4A755BD1FDD2}
		{5D2BD43E-39D3-41C4-8ABE-4972C46B5967} = {4271EA2A-1F03-4B6C-9806-93E209F8567C}
		{5C81E476-2B85-4CDB-A735-24013CBD4568} = {4271EA2A-1F03-4B6C-9806-93E209F8567C}
		{FFF4C25B-1AFE-4D53-A5FA-0BF299D5C20C} = {4271EA2A-1F03-4B6C-9806-93E209F8567C}
		{3492EF1B-7372-4A03-9C83-CD752F7956AB} = {4271EA2A-1F03-4B6C-9806-93E209F8567C}
		{032961B7-BBC7-45AA-8CB1-D30BD0E54A01} = {725BC9D2-E135-4C74-BA38-DA38F41087F3}
		{85B48266-A266-4C32-AF2A-B9D8CEC9092E} = {725BC9D2-E135-4C74-BA38-DA38F41087F3}
		{7B9BF312-AA65-4753-81D0-D4D532020C42} = {725BC9D2-E135-4C74-BA38-DA38F41087F3}
		{CC7FC0EF-367B-41AC-9912-9AC06148B178} = {65C1BB17-CEDD-4044-997B-C9C51887F960}
		{1D12914C-D75A-44AB-8508-897071B4E8A5} = {65C1BB17-CEDD-4044-997B-C9C51887F960}
		{AF9A9AF3-9594-446A-8320-5EFB5647FA97} = {B245A51B-A1DD-4F26-B36E-FF6943A8170A}
		{8FF24A33-6387-4C05-BA73-31FA5A1CDF39} = {B245A51B-A1DD-4F26-B36E-FF6943A8170A}
		{017233BC-47D0-4CE8-AB01-FFB85A269465} = {725BC9D2-E135-4C74-BA38-DA38F41087F3}
	EndGlobalSection
	GlobalSection(ExtensibilityGlobals) = postSolution
		SolutionGuid = {61F7FB11-1E47-470C-91E2-47F8143E1572}
	EndGlobalSection
EndGlobal
