
Microsoft Visual Studio Solution File, Format Version 12.00
# Visual Studio Version 17
VisualStudioVersion = 17.0.31611.283
MinimumVisualStudioVersion = 10.0.40219.1
Project("{2150E333-8FDC-42A3-9474-1A3956D46DE8}") = "Presentation", "Presentation", "{B245A51B-A1DD-4F26-B36E-FF6943A8170A}"
EndProject
Project("{2150E333-8FDC-42A3-9474-1A3956D46DE8}") = "Api", "Api", "{725BC9D2-E135-4C74-BA38-DA38F41087F3}"
EndProject
Project("{2150E333-8FDC-42A3-9474-1A3956D46DE8}") = "Apps", "Apps", "{65C1BB17-CEDD-4044-997B-C9C51887F960}"
EndProject
Project("{2150E333-8FDC-42A3-9474-1A3956D46DE8}") = "Common", "Common", "{0834D52D-4C4F-487E-9D27-4A755BD1FDD2}"
EndProject
Project("{9A19103F-16F7-4668-BE54-9A1E7A4F7556}") = "api.tests", "tests\api.tests\api.tests.csproj", "{5D2BD43E-39D3-41C4-8ABE-4972C46B5967}"
EndProject
Project("{9A19103F-16F7-4668-BE54-9A1E7A4F7556}") = "testing_framework", "tests\testing_framework\testing_framework.csproj", "{FFF4C25B-1AFE-4D53-A5FA-0BF299D5C20C}"
EndProject
Project("{9A19103F-16F7-4668-BE54-9A1E7A4F7556}") = "utils.tests", "tests\utils.tests\utils.tests.csproj", "{3492EF1B-7372-4A03-9C83-CD752F7956AB}"
EndProject
Project("{9A19103F-16F7-4668-BE54-9A1E7A4F7556}") = "api_application", "server\api_application\api_application.csproj", "{032961B7-BBC7-45AA-8CB1-D30BD0E54A01}"
EndProject
Project("{9A19103F-16F7-4668-BE54-9A1E7A4F7556}") = "api_server", "server\api_server\api_server.csproj", "{7B9BF312-AA65-4753-81D0-D4D532020C42}"
EndProject
Project("{9A19103F-16F7-4668-BE54-9A1E7A4F7556}") = "realm_dl", "client\chldr_domain\realm_dl.csproj", "{CC7FC0EF-367B-41AC-9912-9AC06148B178}"
EndProject
Project("{9A19103F-16F7-4668-BE54-9A1E7A4F7556}") = "chldr_android", "client\chldr_android\chldr_android.csproj", "{AF9A9AF3-9594-446A-8320-5EFB5647FA97}"
EndProject
Project("{9A19103F-16F7-4668-BE54-9A1E7A4F7556}") = "api_tools", "api_tools\api_tools.csproj", "{017233BC-47D0-4CE8-AB01-FFB85A269465}"
EndProject
Project("{9A19103F-16F7-4668-BE54-9A1E7A4F7556}") = "chldr_blazor_server", "chldr_web\chldr_blazor_server.csproj", "{D63389DC-250F-45F3-A3A9-1DF77036F58E}"
EndProject
Project("{9A19103F-16F7-4668-BE54-9A1E7A4F7556}") = "chldr_blazor_wa", "chldr_blazor_wa\chldr_blazor_wa.csproj", "{E85FD279-1067-469E-870A-E97F81FFB55B}"
EndProject
Project("{9A19103F-16F7-4668-BE54-9A1E7A4F7556}") = "chldr_ui", "..\..\chldr.core\ui\chldr_ui.csproj", "{7033A588-052E-4712-977D-140ED919B2C3}"
EndProject
Project("{9A19103F-16F7-4668-BE54-9A1E7A4F7556}") = "domain", "..\..\chldr.core\domain\domain.csproj", "{A52DE58F-A357-433B-B889-7EC94EAF3061}"
EndProject
Project("{9A19103F-16F7-4668-BE54-9A1E7A4F7556}") = "chldr_application", "..\..\chldr.core\application\chldr_application.csproj", "{F2397C24-DDA5-4154-BD41-216D6AE38D5A}"
EndProject
Global
	GlobalSection(SolutionConfigurationPlatforms) = preSolution
		Debug|Any CPU = Debug|Any CPU
		Debug|x64 = Debug|x64
		Release|Any CPU = Release|Any CPU
		Release|x64 = Release|x64
	EndGlobalSection
	GlobalSection(ProjectConfigurationPlatforms) = postSolution
		{5D2BD43E-39D3-41C4-8ABE-4972C46B5967}.Debug|Any CPU.ActiveCfg = Debug|Any CPU
		{5D2BD43E-39D3-41C4-8ABE-4972C46B5967}.Debug|Any CPU.Build.0 = Debug|Any CPU
		{5D2BD43E-39D3-41C4-8ABE-4972C46B5967}.Debug|x64.ActiveCfg = Debug|Any CPU
		{5D2BD43E-39D3-41C4-8ABE-4972C46B5967}.Debug|x64.Build.0 = Debug|Any CPU
		{5D2BD43E-39D3-41C4-8ABE-4972C46B5967}.Release|Any CPU.ActiveCfg = Release|Any CPU
		{5D2BD43E-39D3-41C4-8ABE-4972C46B5967}.Release|Any CPU.Build.0 = Release|Any CPU
		{5D2BD43E-39D3-41C4-8ABE-4972C46B5967}.Release|x64.ActiveCfg = Release|Any CPU
		{5D2BD43E-39D3-41C4-8ABE-4972C46B5967}.Release|x64.Build.0 = Release|Any CPU
		{FFF4C25B-1AFE-4D53-A5FA-0BF299D5C20C}.Debug|Any CPU.ActiveCfg = Debug|Any CPU
		{FFF4C25B-1AFE-4D53-A5FA-0BF299D5C20C}.Debug|Any CPU.Build.0 = Debug|Any CPU
		{FFF4C25B-1AFE-4D53-A5FA-0BF299D5C20C}.Debug|x64.ActiveCfg = Debug|Any CPU
		{FFF4C25B-1AFE-4D53-A5FA-0BF299D5C20C}.Debug|x64.Build.0 = Debug|Any CPU
		{FFF4C25B-1AFE-4D53-A5FA-0BF299D5C20C}.Release|Any CPU.ActiveCfg = Release|Any CPU
		{FFF4C25B-1AFE-4D53-A5FA-0BF299D5C20C}.Release|Any CPU.Build.0 = Release|Any CPU
		{FFF4C25B-1AFE-4D53-A5FA-0BF299D5C20C}.Release|x64.ActiveCfg = Release|Any CPU
		{FFF4C25B-1AFE-4D53-A5FA-0BF299D5C20C}.Release|x64.Build.0 = Release|Any CPU
		{3492EF1B-7372-4A03-9C83-CD752F7956AB}.Debug|Any CPU.ActiveCfg = Debug|Any CPU
		{3492EF1B-7372-4A03-9C83-CD752F7956AB}.Debug|Any CPU.Build.0 = Debug|Any CPU
		{3492EF1B-7372-4A03-9C83-CD752F7956AB}.Debug|x64.ActiveCfg = Debug|Any CPU
		{3492EF1B-7372-4A03-9C83-CD752F7956AB}.Debug|x64.Build.0 = Debug|Any CPU
		{3492EF1B-7372-4A03-9C83-CD752F7956AB}.Release|Any CPU.ActiveCfg = Release|Any CPU
		{3492EF1B-7372-4A03-9C83-CD752F7956AB}.Release|Any CPU.Build.0 = Release|Any CPU
		{3492EF1B-7372-4A03-9C83-CD752F7956AB}.Release|x64.ActiveCfg = Release|Any CPU
		{3492EF1B-7372-4A03-9C83-CD752F7956AB}.Release|x64.Build.0 = Release|Any CPU
		{032961B7-BBC7-45AA-8CB1-D30BD0E54A01}.Debug|Any CPU.ActiveCfg = Debug|Any CPU
		{032961B7-BBC7-45AA-8CB1-D30BD0E54A01}.Debug|Any CPU.Build.0 = Debug|Any CPU
		{032961B7-BBC7-45AA-8CB1-D30BD0E54A01}.Debug|x64.ActiveCfg = Debug|Any CPU
		{032961B7-BBC7-45AA-8CB1-D30BD0E54A01}.Debug|x64.Build.0 = Debug|Any CPU
		{032961B7-BBC7-45AA-8CB1-D30BD0E54A01}.Release|Any CPU.ActiveCfg = Release|Any CPU
		{032961B7-BBC7-45AA-8CB1-D30BD0E54A01}.Release|Any CPU.Build.0 = Release|Any CPU
		{032961B7-BBC7-45AA-8CB1-D30BD0E54A01}.Release|x64.ActiveCfg = Release|Any CPU
		{032961B7-BBC7-45AA-8CB1-D30BD0E54A01}.Release|x64.Build.0 = Release|Any CPU
		{7B9BF312-AA65-4753-81D0-D4D532020C42}.Debug|Any CPU.ActiveCfg = Debug|Any CPU
		{7B9BF312-AA65-4753-81D0-D4D532020C42}.Debug|Any CPU.Build.0 = Debug|Any CPU
		{7B9BF312-AA65-4753-81D0-D4D532020C42}.Debug|x64.ActiveCfg = Debug|Any CPU
		{7B9BF312-AA65-4753-81D0-D4D532020C42}.Debug|x64.Build.0 = Debug|Any CPU
		{7B9BF312-AA65-4753-81D0-D4D532020C42}.Release|Any CPU.ActiveCfg = Release|Any CPU
		{7B9BF312-AA65-4753-81D0-D4D532020C42}.Release|Any CPU.Build.0 = Release|Any CPU
		{7B9BF312-AA65-4753-81D0-D4D532020C42}.Release|x64.ActiveCfg = Release|Any CPU
		{7B9BF312-AA65-4753-81D0-D4D532020C42}.Release|x64.Build.0 = Release|Any CPU
		{CC7FC0EF-367B-41AC-9912-9AC06148B178}.Debug|Any CPU.ActiveCfg = Debug|Any CPU
		{CC7FC0EF-367B-41AC-9912-9AC06148B178}.Debug|Any CPU.Build.0 = Debug|Any CPU
		{CC7FC0EF-367B-41AC-9912-9AC06148B178}.Debug|x64.ActiveCfg = Debug|Any CPU
		{CC7FC0EF-367B-41AC-9912-9AC06148B178}.Debug|x64.Build.0 = Debug|Any CPU
		{CC7FC0EF-367B-41AC-9912-9AC06148B178}.Release|Any CPU.ActiveCfg = Release|Any CPU
		{CC7FC0EF-367B-41AC-9912-9AC06148B178}.Release|Any CPU.Build.0 = Release|Any CPU
		{CC7FC0EF-367B-41AC-9912-9AC06148B178}.Release|x64.ActiveCfg = Release|Any CPU
		{CC7FC0EF-367B-41AC-9912-9AC06148B178}.Release|x64.Build.0 = Release|Any CPU
		{AF9A9AF3-9594-446A-8320-5EFB5647FA97}.Debug|Any CPU.ActiveCfg = Debug|Any CPU
		{AF9A9AF3-9594-446A-8320-5EFB5647FA97}.Debug|Any CPU.Build.0 = Debug|Any CPU
		{AF9A9AF3-9594-446A-8320-5EFB5647FA97}.Debug|Any CPU.Deploy.0 = Debug|Any CPU
		{AF9A9AF3-9594-446A-8320-5EFB5647FA97}.Debug|x64.ActiveCfg = Debug|Any CPU
		{AF9A9AF3-9594-446A-8320-5EFB5647FA97}.Debug|x64.Build.0 = Debug|Any CPU
		{AF9A9AF3-9594-446A-8320-5EFB5647FA97}.Debug|x64.Deploy.0 = Debug|Any CPU
		{AF9A9AF3-9594-446A-8320-5EFB5647FA97}.Release|Any CPU.ActiveCfg = Release|Any CPU
		{AF9A9AF3-9594-446A-8320-5EFB5647FA97}.Release|Any CPU.Build.0 = Release|Any CPU
		{AF9A9AF3-9594-446A-8320-5EFB5647FA97}.Release|Any CPU.Deploy.0 = Release|Any CPU
		{AF9A9AF3-9594-446A-8320-5EFB5647FA97}.Release|x64.ActiveCfg = Release|Any CPU
		{AF9A9AF3-9594-446A-8320-5EFB5647FA97}.Release|x64.Build.0 = Release|Any CPU
		{AF9A9AF3-9594-446A-8320-5EFB5647FA97}.Release|x64.Deploy.0 = Release|Any CPU
		{017233BC-47D0-4CE8-AB01-FFB85A269465}.Debug|Any CPU.ActiveCfg = Debug|Any CPU
		{017233BC-47D0-4CE8-AB01-FFB85A269465}.Debug|Any CPU.Build.0 = Debug|Any CPU
		{017233BC-47D0-4CE8-AB01-FFB85A269465}.Debug|x64.ActiveCfg = Debug|Any CPU
		{017233BC-47D0-4CE8-AB01-FFB85A269465}.Debug|x64.Build.0 = Debug|Any CPU
		{017233BC-47D0-4CE8-AB01-FFB85A269465}.Release|Any CPU.ActiveCfg = Release|Any CPU
		{017233BC-47D0-4CE8-AB01-FFB85A269465}.Release|Any CPU.Build.0 = Release|Any CPU
		{017233BC-47D0-4CE8-AB01-FFB85A269465}.Release|x64.ActiveCfg = Release|Any CPU
		{017233BC-47D0-4CE8-AB01-FFB85A269465}.Release|x64.Build.0 = Release|Any CPU
		{D63389DC-250F-45F3-A3A9-1DF77036F58E}.Debug|Any CPU.ActiveCfg = Debug|Any CPU
		{D63389DC-250F-45F3-A3A9-1DF77036F58E}.Debug|Any CPU.Build.0 = Debug|Any CPU
		{D63389DC-250F-45F3-A3A9-1DF77036F58E}.Debug|x64.ActiveCfg = Debug|Any CPU
		{D63389DC-250F-45F3-A3A9-1DF77036F58E}.Debug|x64.Build.0 = Debug|Any CPU
		{D63389DC-250F-45F3-A3A9-1DF77036F58E}.Release|Any CPU.ActiveCfg = Release|Any CPU
		{D63389DC-250F-45F3-A3A9-1DF77036F58E}.Release|Any CPU.Build.0 = Release|Any CPU
		{D63389DC-250F-45F3-A3A9-1DF77036F58E}.Release|x64.ActiveCfg = Release|Any CPU
		{D63389DC-250F-45F3-A3A9-1DF77036F58E}.Release|x64.Build.0 = Release|Any CPU
		{E85FD279-1067-469E-870A-E97F81FFB55B}.Debug|Any CPU.ActiveCfg = Debug|Any CPU
		{E85FD279-1067-469E-870A-E97F81FFB55B}.Debug|Any CPU.Build.0 = Debug|Any CPU
		{E85FD279-1067-469E-870A-E97F81FFB55B}.Debug|x64.ActiveCfg = Debug|x64
		{E85FD279-1067-469E-870A-E97F81FFB55B}.Debug|x64.Build.0 = Debug|x64
		{E85FD279-1067-469E-870A-E97F81FFB55B}.Release|Any CPU.ActiveCfg = Release|Any CPU
		{E85FD279-1067-469E-870A-E97F81FFB55B}.Release|Any CPU.Build.0 = Release|Any CPU
		{E85FD279-1067-469E-870A-E97F81FFB55B}.Release|x64.ActiveCfg = Release|x64
		{E85FD279-1067-469E-870A-E97F81FFB55B}.Release|x64.Build.0 = Release|x64
		{7033A588-052E-4712-977D-140ED919B2C3}.Debug|Any CPU.ActiveCfg = Debug|Any CPU
		{7033A588-052E-4712-977D-140ED919B2C3}.Debug|Any CPU.Build.0 = Debug|Any CPU
		{7033A588-052E-4712-977D-140ED919B2C3}.Debug|x64.ActiveCfg = Debug|Any CPU
		{7033A588-052E-4712-977D-140ED919B2C3}.Debug|x64.Build.0 = Debug|Any CPU
		{7033A588-052E-4712-977D-140ED919B2C3}.Release|Any CPU.ActiveCfg = Release|Any CPU
		{7033A588-052E-4712-977D-140ED919B2C3}.Release|Any CPU.Build.0 = Release|Any CPU
		{7033A588-052E-4712-977D-140ED919B2C3}.Release|x64.ActiveCfg = Release|Any CPU
		{7033A588-052E-4712-977D-140ED919B2C3}.Release|x64.Build.0 = Release|Any CPU
		{A52DE58F-A357-433B-B889-7EC94EAF3061}.Debug|Any CPU.ActiveCfg = Debug|Any CPU
		{A52DE58F-A357-433B-B889-7EC94EAF3061}.Debug|Any CPU.Build.0 = Debug|Any CPU
		{A52DE58F-A357-433B-B889-7EC94EAF3061}.Debug|x64.ActiveCfg = Debug|x64
		{A52DE58F-A357-433B-B889-7EC94EAF3061}.Debug|x64.Build.0 = Debug|x64
		{A52DE58F-A357-433B-B889-7EC94EAF3061}.Release|Any CPU.ActiveCfg = Release|Any CPU
		{A52DE58F-A357-433B-B889-7EC94EAF3061}.Release|Any CPU.Build.0 = Release|Any CPU
		{A52DE58F-A357-433B-B889-7EC94EAF3061}.Release|x64.ActiveCfg = Release|x64
		{A52DE58F-A357-433B-B889-7EC94EAF3061}.Release|x64.Build.0 = Release|x64
		{F2397C24-DDA5-4154-BD41-216D6AE38D5A}.Debug|Any CPU.ActiveCfg = Debug|Any CPU
		{F2397C24-DDA5-4154-BD41-216D6AE38D5A}.Debug|Any CPU.Build.0 = Debug|Any CPU
		{F2397C24-DDA5-4154-BD41-216D6AE38D5A}.Debug|x64.ActiveCfg = Debug|Any CPU
		{F2397C24-DDA5-4154-BD41-216D6AE38D5A}.Debug|x64.Build.0 = Debug|Any CPU
		{F2397C24-DDA5-4154-BD41-216D6AE38D5A}.Release|Any CPU.ActiveCfg = Release|Any CPU
		{F2397C24-DDA5-4154-BD41-216D6AE38D5A}.Release|Any CPU.Build.0 = Release|Any CPU
		{F2397C24-DDA5-4154-BD41-216D6AE38D5A}.Release|x64.ActiveCfg = Release|Any CPU
		{F2397C24-DDA5-4154-BD41-216D6AE38D5A}.Release|x64.Build.0 = Release|Any CPU
	EndGlobalSection
	GlobalSection(SolutionProperties) = preSolution
		HideSolutionNode = FALSE
	EndGlobalSection
	GlobalSection(NestedProjects) = preSolution
		{B245A51B-A1DD-4F26-B36E-FF6943A8170A} = {65C1BB17-CEDD-4044-997B-C9C51887F960}
		{5D2BD43E-39D3-41C4-8ABE-4972C46B5967} = {725BC9D2-E135-4C74-BA38-DA38F41087F3}
		{FFF4C25B-1AFE-4D53-A5FA-0BF299D5C20C} = {0834D52D-4C4F-487E-9D27-4A755BD1FDD2}
		{3492EF1B-7372-4A03-9C83-CD752F7956AB} = {0834D52D-4C4F-487E-9D27-4A755BD1FDD2}
		{032961B7-BBC7-45AA-8CB1-D30BD0E54A01} = {725BC9D2-E135-4C74-BA38-DA38F41087F3}
		{7B9BF312-AA65-4753-81D0-D4D532020C42} = {725BC9D2-E135-4C74-BA38-DA38F41087F3}
		{CC7FC0EF-367B-41AC-9912-9AC06148B178} = {65C1BB17-CEDD-4044-997B-C9C51887F960}
		{AF9A9AF3-9594-446A-8320-5EFB5647FA97} = {B245A51B-A1DD-4F26-B36E-FF6943A8170A}
		{017233BC-47D0-4CE8-AB01-FFB85A269465} = {725BC9D2-E135-4C74-BA38-DA38F41087F3}
		{D63389DC-250F-45F3-A3A9-1DF77036F58E} = {B245A51B-A1DD-4F26-B36E-FF6943A8170A}
		{E85FD279-1067-469E-870A-E97F81FFB55B} = {B245A51B-A1DD-4F26-B36E-FF6943A8170A}
		{7033A588-052E-4712-977D-140ED919B2C3} = {B245A51B-A1DD-4F26-B36E-FF6943A8170A}
		{A52DE58F-A357-433B-B889-7EC94EAF3061} = {0834D52D-4C4F-487E-9D27-4A755BD1FDD2}
		{F2397C24-DDA5-4154-BD41-216D6AE38D5A} = {65C1BB17-CEDD-4044-997B-C9C51887F960}
	EndGlobalSection
	GlobalSection(ExtensibilityGlobals) = postSolution
		SolutionGuid = {61F7FB11-1E47-470C-91E2-47F8143E1572}
	EndGlobalSection
EndGlobal
