
Microsoft Visual Studio Solution File, Format Version 12.00
# Visual Studio Version 17
VisualStudioVersion = 17.0.31611.283
MinimumVisualStudioVersion = 10.0.40219.1
Project("{9A19103F-16F7-4668-BE54-9A1E7A4F7556}") = "chldr_data", "chldr_data\chldr_data.csproj", "{1515642D-BB1C-4CAC-A10C-99C43045BD90}"
EndProject
Project("{9A19103F-16F7-4668-BE54-9A1E7A4F7556}") = "chldr_utils", "chldr_utils\chldr_utils.csproj", "{3D211563-743F-41D0-BDB5-49BAD670BB6B}"
EndProject
Project("{9A19103F-16F7-4668-BE54-9A1E7A4F7556}") = "chldr_maintenance", "chldr_tools\chldr_maintenance.csproj", "{42DAB62C-43FE-4164-BC15-0460A0D73288}"
EndProject
Project("{9A19103F-16F7-4668-BE54-9A1E7A4F7556}") = "api_presentation", "chldr_api\api_presentation.csproj", "{97E541F2-AB38-4EC8-8A84-F158B25B8CA6}"
EndProject
Project("{2150E333-8FDC-42A3-9474-1A3956D46DE8}") = "Tests", "Tests", "{4271EA2A-1F03-4B6C-9806-93E209F8567C}"
EndProject
Project("{9A19103F-16F7-4668-BE54-9A1E7A4F7556}") = "chldr_api.tests", "tests\chldr_api.tests\chldr_api.tests.csproj", "{53A59F94-C41F-4438-B01D-460B9B39F486}"
EndProject
Project("{9A19103F-16F7-4668-BE54-9A1E7A4F7556}") = "chldr_data.server.tests", "tests\chldr_data.remote.tests\chldr_data.server.tests.csproj", "{B1DFE1CB-6BBD-415D-BDCA-E6C91F0C5735}"
EndProject
Project("{9A19103F-16F7-4668-BE54-9A1E7A4F7556}") = "chldr_testing_framework", "tests\chldr_testing_framework\chldr_testing_framework.csproj", "{AE1B561E-8D69-4A78-BAE7-950A51E9D38B}"
EndProject
Project("{9A19103F-16F7-4668-BE54-9A1E7A4F7556}") = "chldr_utils.tests", "tests\chldr_utils.tests\chldr_utils.tests.csproj", "{2947D78B-C4EC-43B3-8ED4-261917FBF662}"
EndProject
Project("{9A19103F-16F7-4668-BE54-9A1E7A4F7556}") = "chldr_shared.tests", "tests\chldr_shared.tests\chldr_shared.tests.csproj", "{F487CD89-57DB-4E01-9DE2-498F271B1E78}"
EndProject
Project("{9A19103F-16F7-4668-BE54-9A1E7A4F7556}") = "api_application", "chldr_data.sql\api_application.csproj", "{2EE93212-E940-445B-A255-D42FD82D8892}"
EndProject
Project("{9A19103F-16F7-4668-BE54-9A1E7A4F7556}") = "chldr_infrastructure", "chldr_data.realm\chldr_infrastructure.csproj", "{AD695F36-5FB8-4E13-8E82-3A2307ED956F}"
EndProject
Project("{9A19103F-16F7-4668-BE54-9A1E7A4F7556}") = "dosham", "chldr_maui\dosham.csproj", "{F6572D21-21E9-4A8C-8DDB-332349D3D5A7}"
EndProject
Project("{9A19103F-16F7-4668-BE54-9A1E7A4F7556}") = "chldr_android", "chldr_android\chldr_android.csproj", "{07C404A1-8510-4854-8320-0AE573E6BDC0}"
EndProject
Project("{2150E333-8FDC-42A3-9474-1A3956D46DE8}") = "Presentation", "Presentation", "{B245A51B-A1DD-4F26-B36E-FF6943A8170A}"
EndProject
Project("{9A19103F-16F7-4668-BE54-9A1E7A4F7556}") = "chldr_application", "chldr_app\chldr_application.csproj", "{B1F5E151-CBF2-41C7-86FA-B018396676CB}"
EndProject
Project("{2150E333-8FDC-42A3-9474-1A3956D46DE8}") = "Server", "Server", "{725BC9D2-E135-4C74-BA38-DA38F41087F3}"
EndProject
Project("{2150E333-8FDC-42A3-9474-1A3956D46DE8}") = "Client", "Client", "{65C1BB17-CEDD-4044-997B-C9C51887F960}"
EndProject
Project("{2150E333-8FDC-42A3-9474-1A3956D46DE8}") = "Tests", "Tests", "{ABF35D5A-3788-4E47-AC4B-EA3B52F8C5AE}"
EndProject
Project("{9A19103F-16F7-4668-BE54-9A1E7A4F7556}") = "api_infrastructure", "api_infrastructure\api_infrastructure.csproj", "{6D9B63E3-3B5D-4A5C-A7AC-C8CD87074E39}"
EndProject
Project("{9A19103F-16F7-4668-BE54-9A1E7A4F7556}") = "api_domain", "api_domain\api_domain.csproj", "{8BBD90CA-9F62-463C-8810-8AA791C78A07}"
EndProject
Global
	GlobalSection(SolutionConfigurationPlatforms) = preSolution
		Debug|Any CPU = Debug|Any CPU
		Release|Any CPU = Release|Any CPU
	EndGlobalSection
	GlobalSection(ProjectConfigurationPlatforms) = postSolution
		{1515642D-BB1C-4CAC-A10C-99C43045BD90}.Debug|Any CPU.ActiveCfg = Debug|Any CPU
		{1515642D-BB1C-4CAC-A10C-99C43045BD90}.Debug|Any CPU.Build.0 = Debug|Any CPU
		{1515642D-BB1C-4CAC-A10C-99C43045BD90}.Release|Any CPU.ActiveCfg = Release|Any CPU
		{1515642D-BB1C-4CAC-A10C-99C43045BD90}.Release|Any CPU.Build.0 = Release|Any CPU
		{3D211563-743F-41D0-BDB5-49BAD670BB6B}.Debug|Any CPU.ActiveCfg = Debug|Any CPU
		{3D211563-743F-41D0-BDB5-49BAD670BB6B}.Debug|Any CPU.Build.0 = Debug|Any CPU
		{3D211563-743F-41D0-BDB5-49BAD670BB6B}.Release|Any CPU.ActiveCfg = Release|Any CPU
		{3D211563-743F-41D0-BDB5-49BAD670BB6B}.Release|Any CPU.Build.0 = Release|Any CPU
		{42DAB62C-43FE-4164-BC15-0460A0D73288}.Debug|Any CPU.ActiveCfg = Debug|Any CPU
		{42DAB62C-43FE-4164-BC15-0460A0D73288}.Debug|Any CPU.Build.0 = Debug|Any CPU
		{42DAB62C-43FE-4164-BC15-0460A0D73288}.Release|Any CPU.ActiveCfg = Release|Any CPU
		{42DAB62C-43FE-4164-BC15-0460A0D73288}.Release|Any CPU.Build.0 = Release|Any CPU
		{97E541F2-AB38-4EC8-8A84-F158B25B8CA6}.Debug|Any CPU.ActiveCfg = Debug|Any CPU
		{97E541F2-AB38-4EC8-8A84-F158B25B8CA6}.Debug|Any CPU.Build.0 = Debug|Any CPU
		{97E541F2-AB38-4EC8-8A84-F158B25B8CA6}.Release|Any CPU.ActiveCfg = Release|Any CPU
		{97E541F2-AB38-4EC8-8A84-F158B25B8CA6}.Release|Any CPU.Build.0 = Release|Any CPU
		{53A59F94-C41F-4438-B01D-460B9B39F486}.Debug|Any CPU.ActiveCfg = Debug|Any CPU
		{53A59F94-C41F-4438-B01D-460B9B39F486}.Debug|Any CPU.Build.0 = Debug|Any CPU
		{53A59F94-C41F-4438-B01D-460B9B39F486}.Release|Any CPU.ActiveCfg = Release|Any CPU
		{53A59F94-C41F-4438-B01D-460B9B39F486}.Release|Any CPU.Build.0 = Release|Any CPU
		{B1DFE1CB-6BBD-415D-BDCA-E6C91F0C5735}.Debug|Any CPU.ActiveCfg = Debug|Any CPU
		{B1DFE1CB-6BBD-415D-BDCA-E6C91F0C5735}.Debug|Any CPU.Build.0 = Debug|Any CPU
		{B1DFE1CB-6BBD-415D-BDCA-E6C91F0C5735}.Release|Any CPU.ActiveCfg = Release|Any CPU
		{B1DFE1CB-6BBD-415D-BDCA-E6C91F0C5735}.Release|Any CPU.Build.0 = Release|Any CPU
		{AE1B561E-8D69-4A78-BAE7-950A51E9D38B}.Debug|Any CPU.ActiveCfg = Debug|Any CPU
		{AE1B561E-8D69-4A78-BAE7-950A51E9D38B}.Debug|Any CPU.Build.0 = Debug|Any CPU
		{AE1B561E-8D69-4A78-BAE7-950A51E9D38B}.Release|Any CPU.ActiveCfg = Release|Any CPU
		{AE1B561E-8D69-4A78-BAE7-950A51E9D38B}.Release|Any CPU.Build.0 = Release|Any CPU
		{2947D78B-C4EC-43B3-8ED4-261917FBF662}.Debug|Any CPU.ActiveCfg = Debug|Any CPU
		{2947D78B-C4EC-43B3-8ED4-261917FBF662}.Debug|Any CPU.Build.0 = Debug|Any CPU
		{2947D78B-C4EC-43B3-8ED4-261917FBF662}.Release|Any CPU.ActiveCfg = Release|Any CPU
		{2947D78B-C4EC-43B3-8ED4-261917FBF662}.Release|Any CPU.Build.0 = Release|Any CPU
		{F487CD89-57DB-4E01-9DE2-498F271B1E78}.Debug|Any CPU.ActiveCfg = Debug|Any CPU
		{F487CD89-57DB-4E01-9DE2-498F271B1E78}.Debug|Any CPU.Build.0 = Debug|Any CPU
		{F487CD89-57DB-4E01-9DE2-498F271B1E78}.Release|Any CPU.ActiveCfg = Release|Any CPU
		{F487CD89-57DB-4E01-9DE2-498F271B1E78}.Release|Any CPU.Build.0 = Release|Any CPU
		{2EE93212-E940-445B-A255-D42FD82D8892}.Debug|Any CPU.ActiveCfg = Debug|Any CPU
		{2EE93212-E940-445B-A255-D42FD82D8892}.Debug|Any CPU.Build.0 = Debug|Any CPU
		{2EE93212-E940-445B-A255-D42FD82D8892}.Release|Any CPU.ActiveCfg = Release|Any CPU
		{2EE93212-E940-445B-A255-D42FD82D8892}.Release|Any CPU.Build.0 = Release|Any CPU
		{AD695F36-5FB8-4E13-8E82-3A2307ED956F}.Debug|Any CPU.ActiveCfg = Debug|Any CPU
		{AD695F36-5FB8-4E13-8E82-3A2307ED956F}.Debug|Any CPU.Build.0 = Debug|Any CPU
		{AD695F36-5FB8-4E13-8E82-3A2307ED956F}.Release|Any CPU.ActiveCfg = Release|Any CPU
		{AD695F36-5FB8-4E13-8E82-3A2307ED956F}.Release|Any CPU.Build.0 = Release|Any CPU
		{F6572D21-21E9-4A8C-8DDB-332349D3D5A7}.Debug|Any CPU.ActiveCfg = Debug|Any CPU
		{F6572D21-21E9-4A8C-8DDB-332349D3D5A7}.Debug|Any CPU.Build.0 = Debug|Any CPU
		{F6572D21-21E9-4A8C-8DDB-332349D3D5A7}.Debug|Any CPU.Deploy.0 = Debug|Any CPU
		{F6572D21-21E9-4A8C-8DDB-332349D3D5A7}.Release|Any CPU.ActiveCfg = Release|Any CPU
		{F6572D21-21E9-4A8C-8DDB-332349D3D5A7}.Release|Any CPU.Build.0 = Release|Any CPU
		{F6572D21-21E9-4A8C-8DDB-332349D3D5A7}.Release|Any CPU.Deploy.0 = Release|Any CPU
		{07C404A1-8510-4854-8320-0AE573E6BDC0}.Debug|Any CPU.ActiveCfg = Debug|Any CPU
		{07C404A1-8510-4854-8320-0AE573E6BDC0}.Debug|Any CPU.Build.0 = Debug|Any CPU
		{07C404A1-8510-4854-8320-0AE573E6BDC0}.Debug|Any CPU.Deploy.0 = Debug|Any CPU
		{07C404A1-8510-4854-8320-0AE573E6BDC0}.Release|Any CPU.ActiveCfg = Release|Any CPU
		{07C404A1-8510-4854-8320-0AE573E6BDC0}.Release|Any CPU.Build.0 = Release|Any CPU
		{07C404A1-8510-4854-8320-0AE573E6BDC0}.Release|Any CPU.Deploy.0 = Release|Any CPU
		{B1F5E151-CBF2-41C7-86FA-B018396676CB}.Debug|Any CPU.ActiveCfg = Debug|Any CPU
		{B1F5E151-CBF2-41C7-86FA-B018396676CB}.Debug|Any CPU.Build.0 = Debug|Any CPU
		{B1F5E151-CBF2-41C7-86FA-B018396676CB}.Release|Any CPU.ActiveCfg = Release|Any CPU
		{B1F5E151-CBF2-41C7-86FA-B018396676CB}.Release|Any CPU.Build.0 = Release|Any CPU
		{6D9B63E3-3B5D-4A5C-A7AC-C8CD87074E39}.Debug|Any CPU.ActiveCfg = Debug|Any CPU
		{6D9B63E3-3B5D-4A5C-A7AC-C8CD87074E39}.Debug|Any CPU.Build.0 = Debug|Any CPU
		{6D9B63E3-3B5D-4A5C-A7AC-C8CD87074E39}.Release|Any CPU.ActiveCfg = Release|Any CPU
		{6D9B63E3-3B5D-4A5C-A7AC-C8CD87074E39}.Release|Any CPU.Build.0 = Release|Any CPU
		{8BBD90CA-9F62-463C-8810-8AA791C78A07}.Debug|Any CPU.ActiveCfg = Debug|Any CPU
		{8BBD90CA-9F62-463C-8810-8AA791C78A07}.Debug|Any CPU.Build.0 = Debug|Any CPU
		{8BBD90CA-9F62-463C-8810-8AA791C78A07}.Release|Any CPU.ActiveCfg = Release|Any CPU
		{8BBD90CA-9F62-463C-8810-8AA791C78A07}.Release|Any CPU.Build.0 = Release|Any CPU
	EndGlobalSection
	GlobalSection(SolutionProperties) = preSolution
		HideSolutionNode = FALSE
	EndGlobalSection
	GlobalSection(NestedProjects) = preSolution
		{97E541F2-AB38-4EC8-8A84-F158B25B8CA6} = {725BC9D2-E135-4C74-BA38-DA38F41087F3}
		{4271EA2A-1F03-4B6C-9806-93E209F8567C} = {65C1BB17-CEDD-4044-997B-C9C51887F960}
		{53A59F94-C41F-4438-B01D-460B9B39F486} = {ABF35D5A-3788-4E47-AC4B-EA3B52F8C5AE}
		{B1DFE1CB-6BBD-415D-BDCA-E6C91F0C5735} = {4271EA2A-1F03-4B6C-9806-93E209F8567C}
		{AE1B561E-8D69-4A78-BAE7-950A51E9D38B} = {4271EA2A-1F03-4B6C-9806-93E209F8567C}
		{2947D78B-C4EC-43B3-8ED4-261917FBF662} = {4271EA2A-1F03-4B6C-9806-93E209F8567C}
		{F487CD89-57DB-4E01-9DE2-498F271B1E78} = {4271EA2A-1F03-4B6C-9806-93E209F8567C}
		{2EE93212-E940-445B-A255-D42FD82D8892} = {725BC9D2-E135-4C74-BA38-DA38F41087F3}
		{AD695F36-5FB8-4E13-8E82-3A2307ED956F} = {65C1BB17-CEDD-4044-997B-C9C51887F960}
		{F6572D21-21E9-4A8C-8DDB-332349D3D5A7} = {B245A51B-A1DD-4F26-B36E-FF6943A8170A}
		{07C404A1-8510-4854-8320-0AE573E6BDC0} = {B245A51B-A1DD-4F26-B36E-FF6943A8170A}
		{B245A51B-A1DD-4F26-B36E-FF6943A8170A} = {65C1BB17-CEDD-4044-997B-C9C51887F960}
		{B1F5E151-CBF2-41C7-86FA-B018396676CB} = {65C1BB17-CEDD-4044-997B-C9C51887F960}
		{ABF35D5A-3788-4E47-AC4B-EA3B52F8C5AE} = {725BC9D2-E135-4C74-BA38-DA38F41087F3}
		{6D9B63E3-3B5D-4A5C-A7AC-C8CD87074E39} = {725BC9D2-E135-4C74-BA38-DA38F41087F3}
		{8BBD90CA-9F62-463C-8810-8AA791C78A07} = {725BC9D2-E135-4C74-BA38-DA38F41087F3}
	EndGlobalSection
	GlobalSection(ExtensibilityGlobals) = postSolution
		SolutionGuid = {61F7FB11-1E47-470C-91E2-47F8143E1572}
	EndGlobalSection
EndGlobal
